
Microsoft Visual Studio Solution File, Format Version 12.00
# Visual Studio Version 16
VisualStudioVersion = 16.0.31205.134
MinimumVisualStudioVersion = 10.0.40219.1
Project("{FAE04EC0-301F-11D3-BF4B-00C04F79EFBC}") = "MediaBizzarApp", "MediaBizzarApp\MediaBizzarApp.csproj", "{24235A1D-3C33-4833-834F-578E168874C9}"
EndProject
Global
	GlobalSection(SolutionConfigurationPlatforms) = preSolution
		Debug|Any CPU = Debug|Any CPU
		Release|Any CPU = Release|Any CPU
	EndGlobalSection
	GlobalSection(ProjectConfigurationPlatforms) = postSolution
		{24235A1D-3C33-4833-834F-578E168874C9}.Debug|Any CPU.ActiveCfg = Debug|Any CPU
		{24235A1D-3C33-4833-834F-578E168874C9}.Debug|Any CPU.Build.0 = Debug|Any CPU
		{24235A1D-3C33-4833-834F-578E168874C9}.Release|Any CPU.ActiveCfg = Release|Any CPU
		{24235A1D-3C33-4833-834F-578E168874C9}.Release|Any CPU.Build.0 = Release|Any CPU
	EndGlobalSection
	GlobalSection(SolutionProperties) = preSolution
		HideSolutionNode = FALSE
	EndGlobalSection
	GlobalSection(ExtensibilityGlobals) = postSolution
		SolutionGuid = {DCE76D5D-E921-4A9C-BF3C-ED248AF17059}
	EndGlobalSection
EndGlobal
